// !$*UTF8*$!
{
	archiveVersion = 1;
	classes = {
	};
	objectVersion = 55;
	objects = {

/* Begin PBXBuildFile section */
		7E029BF828B16E530055C481 /* CoreDataManager.swift in Sources */ = {isa = PBXBuildFile; fileRef = 7E029BF728B16E530055C481 /* CoreDataManager.swift */; };
		7E029BFB28B16E710055C481 /* Icipin.xcdatamodeld in Sources */ = {isa = PBXBuildFile; fileRef = 7E029BF928B16E710055C481 /* Icipin.xcdatamodeld */; };
		7E029C0128B173030055C481 /* MapQuestView.swift in Sources */ = {isa = PBXBuildFile; fileRef = 7E029C0028B173030055C481 /* MapQuestView.swift */; };
		7E029C0428B17A000055C481 /* MapQuestViewModel.swift in Sources */ = {isa = PBXBuildFile; fileRef = 7E029C0328B17A000055C481 /* MapQuestViewModel.swift */; };
		7ECF0CC428A9E50C0018C0BA /* IcipinApp.swift in Sources */ = {isa = PBXBuildFile; fileRef = 7ECF0CC328A9E50C0018C0BA /* IcipinApp.swift */; };
		7ECF0CC628A9E50C0018C0BA /* MainView.swift in Sources */ = {isa = PBXBuildFile; fileRef = 7ECF0CC528A9E50C0018C0BA /* MainView.swift */; };
		7ECF0CC828A9E50D0018C0BA /* Assets.xcassets in Resources */ = {isa = PBXBuildFile; fileRef = 7ECF0CC728A9E50D0018C0BA /* Assets.xcassets */; };
		7ECF0CCB28A9E50D0018C0BA /* Preview Assets.xcassets in Resources */ = {isa = PBXBuildFile; fileRef = 7ECF0CCA28A9E50D0018C0BA /* Preview Assets.xcassets */; };
/* End PBXBuildFile section */

/* Begin PBXFileReference section */
		7E029BF728B16E530055C481 /* CoreDataManager.swift */ = {isa = PBXFileReference; lastKnownFileType = sourcecode.swift; path = CoreDataManager.swift; sourceTree = "<group>"; };
		7E029BFA28B16E710055C481 /* Icipin.xcdatamodel */ = {isa = PBXFileReference; lastKnownFileType = wrapper.xcdatamodel; path = Icipin.xcdatamodel; sourceTree = "<group>"; };
		7E029C0028B173030055C481 /* MapQuestView.swift */ = {isa = PBXFileReference; lastKnownFileType = sourcecode.swift; path = MapQuestView.swift; sourceTree = "<group>"; };
		7E029C0328B17A000055C481 /* MapQuestViewModel.swift */ = {isa = PBXFileReference; lastKnownFileType = sourcecode.swift; path = MapQuestViewModel.swift; sourceTree = "<group>"; };
		7E029C0528B184910055C481 /* Dummy.json */ = {isa = PBXFileReference; lastKnownFileType = text.json; path = Dummy.json; sourceTree = "<group>"; };
		7ECF0CC028A9E50C0018C0BA /* Icipin.app */ = {isa = PBXFileReference; explicitFileType = wrapper.application; includeInIndex = 0; path = Icipin.app; sourceTree = BUILT_PRODUCTS_DIR; };
		7ECF0CC328A9E50C0018C0BA /* IcipinApp.swift */ = {isa = PBXFileReference; lastKnownFileType = sourcecode.swift; path = IcipinApp.swift; sourceTree = "<group>"; };
		7ECF0CC528A9E50C0018C0BA /* MainView.swift */ = {isa = PBXFileReference; lastKnownFileType = sourcecode.swift; path = MainView.swift; sourceTree = "<group>"; };
		7ECF0CC728A9E50D0018C0BA /* Assets.xcassets */ = {isa = PBXFileReference; lastKnownFileType = folder.assetcatalog; path = Assets.xcassets; sourceTree = "<group>"; };
		7ECF0CCA28A9E50D0018C0BA /* Preview Assets.xcassets */ = {isa = PBXFileReference; lastKnownFileType = folder.assetcatalog; path = "Preview Assets.xcassets"; sourceTree = "<group>"; };
/* End PBXFileReference section */

/* Begin PBXFrameworksBuildPhase section */
		7ECF0CBD28A9E50C0018C0BA /* Frameworks */ = {
			isa = PBXFrameworksBuildPhase;
			buildActionMask = 2147483647;
			files = (
			);
			runOnlyForDeploymentPostprocessing = 0;
		};
/* End PBXFrameworksBuildPhase section */

/* Begin PBXGroup section */
		7E029BF528B16E340055C481 /* Model */ = {
			isa = PBXGroup;
			children = (
			);
			path = Model;
			sourceTree = "<group>";
		};
		7E029BF628B16E450055C481 /* CoreData */ = {
			isa = PBXGroup;
			children = (
				7E029BF728B16E530055C481 /* CoreDataManager.swift */,
			);
			path = CoreData;
			sourceTree = "<group>";
		};
		7E029BFE28B1729C0055C481 /* View */ = {
			isa = PBXGroup;
			children = (
				7ECF0CC528A9E50C0018C0BA /* MainView.swift */,
				7E029C0028B173030055C481 /* MapQuestView.swift */,
			);
			path = View;
			sourceTree = "<group>";
		};
		7E029C0228B179EE0055C481 /* ViewModel */ = {
			isa = PBXGroup;
			children = (
				7E029C0328B17A000055C481 /* MapQuestViewModel.swift */,
			);
			path = ViewModel;
			sourceTree = "<group>";
		};
		7ECF0CB728A9E50C0018C0BA = {
			isa = PBXGroup;
			children = (
				7ECF0CC228A9E50C0018C0BA /* Icipin */,
				7ECF0CC128A9E50C0018C0BA /* Products */,
			);
			sourceTree = "<group>";
		};
		7ECF0CC128A9E50C0018C0BA /* Products */ = {
			isa = PBXGroup;
			children = (
				7ECF0CC028A9E50C0018C0BA /* Icipin.app */,
			);
			name = Products;
			sourceTree = "<group>";
		};
		7ECF0CC228A9E50C0018C0BA /* Icipin */ = {
			isa = PBXGroup;
			children = (
				7E029C0528B184910055C481 /* Dummy.json */,
				7E029C0228B179EE0055C481 /* ViewModel */,
				7E029BFE28B1729C0055C481 /* View */,
				7E029BF628B16E450055C481 /* CoreData */,
				7E029BF528B16E340055C481 /* Model */,
				7ECF0CC328A9E50C0018C0BA /* IcipinApp.swift */,
				7ECF0CC728A9E50D0018C0BA /* Assets.xcassets */,
				7ECF0CC928A9E50D0018C0BA /* Preview Content */,
				7E029BF928B16E710055C481 /* Icipin.xcdatamodeld */,
			);
			path = Icipin;
			sourceTree = "<group>";
		};
		7ECF0CC928A9E50D0018C0BA /* Preview Content */ = {
			isa = PBXGroup;
			children = (
				7ECF0CCA28A9E50D0018C0BA /* Preview Assets.xcassets */,
			);
			path = "Preview Content";
			sourceTree = "<group>";
		};
/* End PBXGroup section */

/* Begin PBXNativeTarget section */
		7ECF0CBF28A9E50C0018C0BA /* Icipin */ = {
			isa = PBXNativeTarget;
			buildConfigurationList = 7ECF0CCE28A9E50D0018C0BA /* Build configuration list for PBXNativeTarget "Icipin" */;
			buildPhases = (
				7ECF0CBC28A9E50C0018C0BA /* Sources */,
				7ECF0CBD28A9E50C0018C0BA /* Frameworks */,
				7ECF0CBE28A9E50C0018C0BA /* Resources */,
			);
			buildRules = (
			);
			dependencies = (
			);
			name = Icipin;
			productName = Icipin;
			productReference = 7ECF0CC028A9E50C0018C0BA /* Icipin.app */;
			productType = "com.apple.product-type.application";
		};
/* End PBXNativeTarget section */

/* Begin PBXProject section */
		7ECF0CB828A9E50C0018C0BA /* Project object */ = {
			isa = PBXProject;
			attributes = {
				BuildIndependentTargetsInParallel = 1;
				LastSwiftUpdateCheck = 1340;
				LastUpgradeCheck = 1340;
				TargetAttributes = {
					7ECF0CBF28A9E50C0018C0BA = {
						CreatedOnToolsVersion = 13.4.1;
					};
				};
			};
			buildConfigurationList = 7ECF0CBB28A9E50C0018C0BA /* Build configuration list for PBXProject "Icipin" */;
			compatibilityVersion = "Xcode 13.0";
			developmentRegion = en;
			hasScannedForEncodings = 0;
			knownRegions = (
				en,
				Base,
			);
			mainGroup = 7ECF0CB728A9E50C0018C0BA;
			productRefGroup = 7ECF0CC128A9E50C0018C0BA /* Products */;
			projectDirPath = "";
			projectRoot = "";
			targets = (
				7ECF0CBF28A9E50C0018C0BA /* Icipin */,
			);
		};
/* End PBXProject section */

/* Begin PBXResourcesBuildPhase section */
		7ECF0CBE28A9E50C0018C0BA /* Resources */ = {
			isa = PBXResourcesBuildPhase;
			buildActionMask = 2147483647;
			files = (
				7ECF0CCB28A9E50D0018C0BA /* Preview Assets.xcassets in Resources */,
				7ECF0CC828A9E50D0018C0BA /* Assets.xcassets in Resources */,
			);
			runOnlyForDeploymentPostprocessing = 0;
		};
/* End PBXResourcesBuildPhase section */

/* Begin PBXSourcesBuildPhase section */
		7ECF0CBC28A9E50C0018C0BA /* Sources */ = {
			isa = PBXSourcesBuildPhase;
			buildActionMask = 2147483647;
			files = (
				7E029BF828B16E530055C481 /* CoreDataManager.swift in Sources */,
				7ECF0CC628A9E50C0018C0BA /* MainView.swift in Sources */,
				7E029C0428B17A000055C481 /* MapQuestViewModel.swift in Sources */,
				7E029C0128B173030055C481 /* MapQuestView.swift in Sources */,
				7ECF0CC428A9E50C0018C0BA /* IcipinApp.swift in Sources */,
				7E029BFB28B16E710055C481 /* Icipin.xcdatamodeld in Sources */,
			);
			runOnlyForDeploymentPostprocessing = 0;
		};
/* End PBXSourcesBuildPhase section */

/* Begin XCBuildConfiguration section */
		7ECF0CCC28A9E50D0018C0BA /* Debug */ = {
			isa = XCBuildConfiguration;
			buildSettings = {
				ALWAYS_SEARCH_USER_PATHS = NO;
				CLANG_ANALYZER_NONNULL = YES;
				CLANG_ANALYZER_NUMBER_OBJECT_CONVERSION = YES_AGGRESSIVE;
				CLANG_CXX_LANGUAGE_STANDARD = "gnu++17";
				CLANG_ENABLE_MODULES = YES;
				CLANG_ENABLE_OBJC_ARC = YES;
				CLANG_ENABLE_OBJC_WEAK = YES;
				CLANG_WARN_BLOCK_CAPTURE_AUTORELEASING = YES;
				CLANG_WARN_BOOL_CONVERSION = YES;
				CLANG_WARN_COMMA = YES;
				CLANG_WARN_CONSTANT_CONVERSION = YES;
				CLANG_WARN_DEPRECATED_OBJC_IMPLEMENTATIONS = YES;
				CLANG_WARN_DIRECT_OBJC_ISA_USAGE = YES_ERROR;
				CLANG_WARN_DOCUMENTATION_COMMENTS = YES;
				CLANG_WARN_EMPTY_BODY = YES;
				CLANG_WARN_ENUM_CONVERSION = YES;
				CLANG_WARN_INFINITE_RECURSION = YES;
				CLANG_WARN_INT_CONVERSION = YES;
				CLANG_WARN_NON_LITERAL_NULL_CONVERSION = YES;
				CLANG_WARN_OBJC_IMPLICIT_RETAIN_SELF = YES;
				CLANG_WARN_OBJC_LITERAL_CONVERSION = YES;
				CLANG_WARN_OBJC_ROOT_CLASS = YES_ERROR;
				CLANG_WARN_QUOTED_INCLUDE_IN_FRAMEWORK_HEADER = YES;
				CLANG_WARN_RANGE_LOOP_ANALYSIS = YES;
				CLANG_WARN_STRICT_PROTOTYPES = YES;
				CLANG_WARN_SUSPICIOUS_MOVE = YES;
				CLANG_WARN_UNGUARDED_AVAILABILITY = YES_AGGRESSIVE;
				CLANG_WARN_UNREACHABLE_CODE = YES;
				CLANG_WARN__DUPLICATE_METHOD_MATCH = YES;
				COPY_PHASE_STRIP = NO;
				DEBUG_INFORMATION_FORMAT = dwarf;
				ENABLE_STRICT_OBJC_MSGSEND = YES;
				ENABLE_TESTABILITY = YES;
				GCC_C_LANGUAGE_STANDARD = gnu11;
				GCC_DYNAMIC_NO_PIC = NO;
				GCC_NO_COMMON_BLOCKS = YES;
				GCC_OPTIMIZATION_LEVEL = 0;
				GCC_PREPROCESSOR_DEFINITIONS = (
					"DEBUG=1",
					"$(inherited)",
				);
				GCC_WARN_64_TO_32_BIT_CONVERSION = YES;
				GCC_WARN_ABOUT_RETURN_TYPE = YES_ERROR;
				GCC_WARN_UNDECLARED_SELECTOR = YES;
				GCC_WARN_UNINITIALIZED_AUTOS = YES_AGGRESSIVE;
				GCC_WARN_UNUSED_FUNCTION = YES;
				GCC_WARN_UNUSED_VARIABLE = YES;
				IPHONEOS_DEPLOYMENT_TARGET = 15.5;
				MTL_ENABLE_DEBUG_INFO = INCLUDE_SOURCE;
				MTL_FAST_MATH = YES;
				ONLY_ACTIVE_ARCH = YES;
				SDKROOT = iphoneos;
				SWIFT_ACTIVE_COMPILATION_CONDITIONS = DEBUG;
				SWIFT_OPTIMIZATION_LEVEL = "-Onone";
			};
			name = Debug;
		};
		7ECF0CCD28A9E50D0018C0BA /* Release */ = {
			isa = XCBuildConfiguration;
			buildSettings = {
				ALWAYS_SEARCH_USER_PATHS = NO;
				CLANG_ANALYZER_NONNULL = YES;
				CLANG_ANALYZER_NUMBER_OBJECT_CONVERSION = YES_AGGRESSIVE;
				CLANG_CXX_LANGUAGE_STANDARD = "gnu++17";
				CLANG_ENABLE_MODULES = YES;
				CLANG_ENABLE_OBJC_ARC = YES;
				CLANG_ENABLE_OBJC_WEAK = YES;
				CLANG_WARN_BLOCK_CAPTURE_AUTORELEASING = YES;
				CLANG_WARN_BOOL_CONVERSION = YES;
				CLANG_WARN_COMMA = YES;
				CLANG_WARN_CONSTANT_CONVERSION = YES;
				CLANG_WARN_DEPRECATED_OBJC_IMPLEMENTATIONS = YES;
				CLANG_WARN_DIRECT_OBJC_ISA_USAGE = YES_ERROR;
				CLANG_WARN_DOCUMENTATION_COMMENTS = YES;
				CLANG_WARN_EMPTY_BODY = YES;
				CLANG_WARN_ENUM_CONVERSION = YES;
				CLANG_WARN_INFINITE_RECURSION = YES;
				CLANG_WARN_INT_CONVERSION = YES;
				CLANG_WARN_NON_LITERAL_NULL_CONVERSION = YES;
				CLANG_WARN_OBJC_IMPLICIT_RETAIN_SELF = YES;
				CLANG_WARN_OBJC_LITERAL_CONVERSION = YES;
				CLANG_WARN_OBJC_ROOT_CLASS = YES_ERROR;
				CLANG_WARN_QUOTED_INCLUDE_IN_FRAMEWORK_HEADER = YES;
				CLANG_WARN_RANGE_LOOP_ANALYSIS = YES;
				CLANG_WARN_STRICT_PROTOTYPES = YES;
				CLANG_WARN_SUSPICIOUS_MOVE = YES;
				CLANG_WARN_UNGUARDED_AVAILABILITY = YES_AGGRESSIVE;
				CLANG_WARN_UNREACHABLE_CODE = YES;
				CLANG_WARN__DUPLICATE_METHOD_MATCH = YES;
				COPY_PHASE_STRIP = NO;
				DEBUG_INFORMATION_FORMAT = "dwarf-with-dsym";
				ENABLE_NS_ASSERTIONS = NO;
				ENABLE_STRICT_OBJC_MSGSEND = YES;
				GCC_C_LANGUAGE_STANDARD = gnu11;
				GCC_NO_COMMON_BLOCKS = YES;
				GCC_WARN_64_TO_32_BIT_CONVERSION = YES;
				GCC_WARN_ABOUT_RETURN_TYPE = YES_ERROR;
				GCC_WARN_UNDECLARED_SELECTOR = YES;
				GCC_WARN_UNINITIALIZED_AUTOS = YES_AGGRESSIVE;
				GCC_WARN_UNUSED_FUNCTION = YES;
				GCC_WARN_UNUSED_VARIABLE = YES;
				IPHONEOS_DEPLOYMENT_TARGET = 15.5;
				MTL_ENABLE_DEBUG_INFO = NO;
				MTL_FAST_MATH = YES;
				SDKROOT = iphoneos;
				SWIFT_COMPILATION_MODE = wholemodule;
				SWIFT_OPTIMIZATION_LEVEL = "-O";
				VALIDATE_PRODUCT = YES;
			};
			name = Release;
		};
		7ECF0CCF28A9E50D0018C0BA /* Debug */ = {
			isa = XCBuildConfiguration;
			buildSettings = {
				ASSETCATALOG_COMPILER_APPICON_NAME = AppIcon;
				ASSETCATALOG_COMPILER_GLOBAL_ACCENT_COLOR_NAME = AccentColor;
				CODE_SIGN_STYLE = Automatic;
				CURRENT_PROJECT_VERSION = 1;
				DEVELOPMENT_ASSET_PATHS = "\"Icipin/Preview Content\"";
				DEVELOPMENT_TEAM = 3F8C4P2T95;
				ENABLE_PREVIEWS = YES;
				GENERATE_INFOPLIST_FILE = YES;
				INFOPLIST_KEY_NSLocationAlwaysUsageDescription = "";
				INFOPLIST_KEY_NSLocationWhenInUseUsageDescription = "Icipin apps needs your location to show the map.";
				INFOPLIST_KEY_UIApplicationSceneManifest_Generation = YES;
				INFOPLIST_KEY_UIApplicationSupportsIndirectInputEvents = YES;
				INFOPLIST_KEY_UILaunchScreen_Generation = YES;
				INFOPLIST_KEY_UISupportedInterfaceOrientations_iPad = "UIInterfaceOrientationPortrait UIInterfaceOrientationPortraitUpsideDown UIInterfaceOrientationLandscapeLeft UIInterfaceOrientationLandscapeRight";
				INFOPLIST_KEY_UISupportedInterfaceOrientations_iPhone = "UIInterfaceOrientationPortrait UIInterfaceOrientationLandscapeLeft UIInterfaceOrientationLandscapeRight";
				LD_RUNPATH_SEARCH_PATHS = (
					"$(inherited)",
					"@executable_path/Frameworks",
				);
				MARKETING_VERSION = 1.0;
				PRODUCT_BUNDLE_IDENTIFIER = com.apropos.Icipin;
				PRODUCT_NAME = "$(TARGET_NAME)";
				SWIFT_EMIT_LOC_STRINGS = YES;
				SWIFT_VERSION = 5.0;
				TARGETED_DEVICE_FAMILY = "1,2";
			};
			name = Debug;
		};
		7ECF0CD028A9E50D0018C0BA /* Release */ = {
			isa = XCBuildConfiguration;
			buildSettings = {
				ASSETCATALOG_COMPILER_APPICON_NAME = AppIcon;
				ASSETCATALOG_COMPILER_GLOBAL_ACCENT_COLOR_NAME = AccentColor;
				CODE_SIGN_STYLE = Automatic;
				CURRENT_PROJECT_VERSION = 1;
				DEVELOPMENT_ASSET_PATHS = "\"Icipin/Preview Content\"";
				DEVELOPMENT_TEAM = 3F8C4P2T95;
				ENABLE_PREVIEWS = YES;
				GENERATE_INFOPLIST_FILE = YES;
				INFOPLIST_KEY_NSLocationAlwaysUsageDescription = "";
				INFOPLIST_KEY_NSLocationWhenInUseUsageDescription = "Icipin apps needs your location to show the map.";
				INFOPLIST_KEY_UIApplicationSceneManifest_Generation = YES;
				INFOPLIST_KEY_UIApplicationSupportsIndirectInputEvents = YES;
				INFOPLIST_KEY_UILaunchScreen_Generation = YES;
				INFOPLIST_KEY_UISupportedInterfaceOrientations_iPad = "UIInterfaceOrientationPortrait UIInterfaceOrientationPortraitUpsideDown UIInterfaceOrientationLandscapeLeft UIInterfaceOrientationLandscapeRight";
				INFOPLIST_KEY_UISupportedInterfaceOrientations_iPhone = "UIInterfaceOrientationPortrait UIInterfaceOrientationLandscapeLeft UIInterfaceOrientationLandscapeRight";
				LD_RUNPATH_SEARCH_PATHS = (
					"$(inherited)",
					"@executable_path/Frameworks",
				);
				MARKETING_VERSION = 1.0;
				PRODUCT_BUNDLE_IDENTIFIER = com.apropos.Icipin;
				PRODUCT_NAME = "$(TARGET_NAME)";
				SWIFT_EMIT_LOC_STRINGS = YES;
				SWIFT_VERSION = 5.0;
				TARGETED_DEVICE_FAMILY = "1,2";
			};
			name = Release;
		};
/* End XCBuildConfiguration section */

/* Begin XCConfigurationList section */
		7ECF0CBB28A9E50C0018C0BA /* Build configuration list for PBXProject "Icipin" */ = {
			isa = XCConfigurationList;
			buildConfigurations = (
				7ECF0CCC28A9E50D0018C0BA /* Debug */,
				7ECF0CCD28A9E50D0018C0BA /* Release */,
			);
			defaultConfigurationIsVisible = 0;
			defaultConfigurationName = Release;
		};
		7ECF0CCE28A9E50D0018C0BA /* Build configuration list for PBXNativeTarget "Icipin" */ = {
			isa = XCConfigurationList;
			buildConfigurations = (
				7ECF0CCF28A9E50D0018C0BA /* Debug */,
				7ECF0CD028A9E50D0018C0BA /* Release */,
			);
			defaultConfigurationIsVisible = 0;
			defaultConfigurationName = Release;
		};
/* End XCConfigurationList section */

/* Begin XCVersionGroup section */
		7E029BF928B16E710055C481 /* Icipin.xcdatamodeld */ = {
			isa = XCVersionGroup;
			children = (
				7E029BFA28B16E710055C481 /* Icipin.xcdatamodel */,
			);
			currentVersion = 7E029BFA28B16E710055C481 /* Icipin.xcdatamodel */;
			path = Icipin.xcdatamodeld;
			sourceTree = "<group>";
			versionGroupType = wrapper.xcdatamodel;
		};
/* End XCVersionGroup section */
	};
	rootObject = 7ECF0CB828A9E50C0018C0BA /* Project object */;
}
